
Microsoft Visual Studio Solution File, Format Version 12.00
# Visual Studio Version 17
VisualStudioVersion = 17.2.32210.308
MinimumVisualStudioVersion = 10.0.40219.1
Project("{2150E333-8FDC-42A3-9474-1A3956D46DE8}") = "SRC", "SRC", "{E7D7D6BD-5D3B-4495-AC22-5AC52218B568}"
EndProject
Project("{2150E333-8FDC-42A3-9474-1A3956D46DE8}") = "01-Domain", "01-Domain", "{297374AF-4EE3-45AA-A7C3-79E6D8012DC3}"
EndProject
Project("{2150E333-8FDC-42A3-9474-1A3956D46DE8}") = "02-Infrastructures", "02-Infrastructures", "{E8780FDE-27BE-4425-B2B1-60DB3D6DF0EB}"
EndProject
Project("{2150E333-8FDC-42A3-9474-1A3956D46DE8}") = "03-EndPoints", "03-EndPoints", "{7A8964F0-10A4-4CC3-8401-963DF5660080}"
EndProject
Project("{2150E333-8FDC-42A3-9474-1A3956D46DE8}") = "Core", "Core", "{43BDDC4D-3222-4706-996E-A0695F904670}"
EndProject
Project("{2150E333-8FDC-42A3-9474-1A3956D46DE8}") = "Service", "Service", "{28550935-3EEB-40F6-A2D9-3D1F5E30E5BB}"
EndProject
Project("{2150E333-8FDC-42A3-9474-1A3956D46DE8}") = "DataAccess", "DataAccess", "{23ACD4AD-3FF7-44C9-B6C4-A88A35FEE5D6}"
EndProject
Project("{2150E333-8FDC-42A3-9474-1A3956D46DE8}") = "DataBase", "DataBase", "{ED8DFABE-6F60-4FC0-8392-C5896B321EA0}"
EndProject
Project("{FAE04EC0-301F-11D3-BF4B-00C04F79EFBC}") = "App.Infrastructures.Repositoy.Ef", "SRC\App.Infrastructures.Repositoy.Ef\App.Infrastructures.Repositoy.Ef.csproj", "{3A2E2714-EBF9-44AC-B89B-51624FD53D4B}"
EndProject
Project("{FAE04EC0-301F-11D3-BF4B-00C04F79EFBC}") = "App.Infrastructures.Database.SqlServer", "SRC\App.Infrastructures.Database.SqlServer\App.Infrastructures.Database.SqlServer.csproj", "{936B60BF-7BDA-4867-B819-B110CBC1D234}"
EndProject
Project("{FAE04EC0-301F-11D3-BF4B-00C04F79EFBC}") = "App.Domain.Core", "SRC\App.Domain.Core\App.Domain.Core.csproj", "{5E699E49-945B-4233-9F43-5B486D80C27E}"
EndProject
Project("{FAE04EC0-301F-11D3-BF4B-00C04F79EFBC}") = "App.Domain.AppServices", "SRC\App.Domain.AppServices\App.Domain.AppServices.csproj", "{9D24385A-ADD0-4CAD-8E45-7F622481265D}"
EndProject
Project("{FAE04EC0-301F-11D3-BF4B-00C04F79EFBC}") = "App.Domain.Services", "SRC\App.Domain.Services\App.Domain.Services.csproj", "{B8F71B83-AFAA-4996-A120-42FB60F3A3A8}"
EndProject
Project("{FAE04EC0-301F-11D3-BF4B-00C04F79EFBC}") = "App.EndPoint.UI", "SRC\App.EndPoint.UI\App.EndPoint.UI.csproj", "{FD47268C-C680-4312-BA9B-1E63A68172FF}"
EndProject
Global
	GlobalSection(SolutionConfigurationPlatforms) = preSolution
		Debug|Any CPU = Debug|Any CPU
		Release|Any CPU = Release|Any CPU
	EndGlobalSection
	GlobalSection(ProjectConfigurationPlatforms) = postSolution
		{3A2E2714-EBF9-44AC-B89B-51624FD53D4B}.Debug|Any CPU.ActiveCfg = Debug|Any CPU
		{3A2E2714-EBF9-44AC-B89B-51624FD53D4B}.Debug|Any CPU.Build.0 = Debug|Any CPU
		{3A2E2714-EBF9-44AC-B89B-51624FD53D4B}.Release|Any CPU.ActiveCfg = Release|Any CPU
		{3A2E2714-EBF9-44AC-B89B-51624FD53D4B}.Release|Any CPU.Build.0 = Release|Any CPU
		{936B60BF-7BDA-4867-B819-B110CBC1D234}.Debug|Any CPU.ActiveCfg = Debug|Any CPU
		{936B60BF-7BDA-4867-B819-B110CBC1D234}.Debug|Any CPU.Build.0 = Debug|Any CPU
		{936B60BF-7BDA-4867-B819-B110CBC1D234}.Release|Any CPU.ActiveCfg = Release|Any CPU
		{936B60BF-7BDA-4867-B819-B110CBC1D234}.Release|Any CPU.Build.0 = Release|Any CPU
		{5E699E49-945B-4233-9F43-5B486D80C27E}.Debug|Any CPU.ActiveCfg = Debug|Any CPU
		{5E699E49-945B-4233-9F43-5B486D80C27E}.Debug|Any CPU.Build.0 = Debug|Any CPU
		{5E699E49-945B-4233-9F43-5B486D80C27E}.Release|Any CPU.ActiveCfg = Release|Any CPU
		{5E699E49-945B-4233-9F43-5B486D80C27E}.Release|Any CPU.Build.0 = Release|Any CPU
		{9D24385A-ADD0-4CAD-8E45-7F622481265D}.Debug|Any CPU.ActiveCfg = Debug|Any CPU
		{9D24385A-ADD0-4CAD-8E45-7F622481265D}.Debug|Any CPU.Build.0 = Debug|Any CPU
		{9D24385A-ADD0-4CAD-8E45-7F622481265D}.Release|Any CPU.ActiveCfg = Release|Any CPU
		{9D24385A-ADD0-4CAD-8E45-7F622481265D}.Release|Any CPU.Build.0 = Release|Any CPU
		{B8F71B83-AFAA-4996-A120-42FB60F3A3A8}.Debug|Any CPU.ActiveCfg = Debug|Any CPU
		{B8F71B83-AFAA-4996-A120-42FB60F3A3A8}.Debug|Any CPU.Build.0 = Debug|Any CPU
		{B8F71B83-AFAA-4996-A120-42FB60F3A3A8}.Release|Any CPU.ActiveCfg = Release|Any CPU
		{B8F71B83-AFAA-4996-A120-42FB60F3A3A8}.Release|Any CPU.Build.0 = Release|Any CPU
		{FD47268C-C680-4312-BA9B-1E63A68172FF}.Debug|Any CPU.ActiveCfg = Debug|Any CPU
		{FD47268C-C680-4312-BA9B-1E63A68172FF}.Debug|Any CPU.Build.0 = Debug|Any CPU
		{FD47268C-C680-4312-BA9B-1E63A68172FF}.Release|Any CPU.ActiveCfg = Release|Any CPU
		{FD47268C-C680-4312-BA9B-1E63A68172FF}.Release|Any CPU.Build.0 = Release|Any CPU
	EndGlobalSection
	GlobalSection(SolutionProperties) = preSolution
		HideSolutionNode = FALSE
	EndGlobalSection
	GlobalSection(NestedProjects) = preSolution
		{297374AF-4EE3-45AA-A7C3-79E6D8012DC3} = {E7D7D6BD-5D3B-4495-AC22-5AC52218B568}
		{E8780FDE-27BE-4425-B2B1-60DB3D6DF0EB} = {E7D7D6BD-5D3B-4495-AC22-5AC52218B568}
		{7A8964F0-10A4-4CC3-8401-963DF5660080} = {E7D7D6BD-5D3B-4495-AC22-5AC52218B568}
		{43BDDC4D-3222-4706-996E-A0695F904670} = {297374AF-4EE3-45AA-A7C3-79E6D8012DC3}
		{28550935-3EEB-40F6-A2D9-3D1F5E30E5BB} = {297374AF-4EE3-45AA-A7C3-79E6D8012DC3}
		{23ACD4AD-3FF7-44C9-B6C4-A88A35FEE5D6} = {E8780FDE-27BE-4425-B2B1-60DB3D6DF0EB}
		{ED8DFABE-6F60-4FC0-8392-C5896B321EA0} = {E8780FDE-27BE-4425-B2B1-60DB3D6DF0EB}
		{3A2E2714-EBF9-44AC-B89B-51624FD53D4B} = {23ACD4AD-3FF7-44C9-B6C4-A88A35FEE5D6}
		{936B60BF-7BDA-4867-B819-B110CBC1D234} = {ED8DFABE-6F60-4FC0-8392-C5896B321EA0}
		{5E699E49-945B-4233-9F43-5B486D80C27E} = {43BDDC4D-3222-4706-996E-A0695F904670}
		{9D24385A-ADD0-4CAD-8E45-7F622481265D} = {28550935-3EEB-40F6-A2D9-3D1F5E30E5BB}
		{B8F71B83-AFAA-4996-A120-42FB60F3A3A8} = {28550935-3EEB-40F6-A2D9-3D1F5E30E5BB}
		{FD47268C-C680-4312-BA9B-1E63A68172FF} = {7A8964F0-10A4-4CC3-8401-963DF5660080}
	EndGlobalSection
	GlobalSection(ExtensibilityGlobals) = postSolution
		SolutionGuid = {CC1F7ACF-72A0-41C7-BE32-2DB295AA927B}
	EndGlobalSection
EndGlobal
